PODS:
  - Fritz (6.0.0):
    - Fritz/Vision (= 6.0.0)
  - Fritz/Vision (6.0.0):
    - FritzBase/Vision (= 6.0.0)
  - Fritz/VisionLabelModel/Fast (6.0.0):
    - FritzVisionLabelModelFast (= 6.0.0)
  - FritzBase/Core (6.0.0)
  - FritzBase/CoreMLHelpers (6.0.0)
  - FritzBase/ManagedModel (6.0.0):
    - FritzBase/Core (= 6.0.0)
  - FritzBase/Vision (6.0.0):
    - FritzBase/Core (= 6.0.0)
    - FritzBase/CoreMLHelpers (= 6.0.0)
    - FritzBase/ManagedModel (= 6.0.0)
  - FritzVisionLabelModelFast (6.0.0):
    - FritzBase/Vision (= 6.0.0)

DEPENDENCIES:
  - Fritz (= 6.0.0)
  - Fritz/VisionLabelModel/Fast

SPEC REPOS:
  trunk:
    - Fritz
    - FritzBase
    - FritzVisionLabelModelFast

SPEC CHECKSUMS:
  Fritz: e3bc09fd607d377803cbc5a9e48500f564f1b8a5
  FritzBase: 677b9359a88b3fde5589215c5bb7b8a1a8c439d7
  FritzVisionLabelModelFast: fecb2f9f8dc3464f0e227fc6ea6de37df88377d9

PODFILE CHECKSUM: 07588fab057b2f19f719025d6de265d894da6b92

COCOAPODS: 1.9.1
