PODS:
  - Fritz (6.0.0):
    - Fritz/Vision (= 6.0.0)
  - Fritz/Vision (6.0.0):
    - FritzBase/Vision (= 6.0.0)
  - FritzBase/Core (6.0.0)
  - FritzBase/CoreMLHelpers (6.0.0)
  - FritzBase/ManagedModel (6.0.0):
    - FritzBase/Core (= 6.0.0)
  - FritzBase/Vision (6.0.0):
    - FritzBase/Core (= 6.0.0)
    - FritzBase/CoreMLHelpers (= 6.0.0)
    - FritzBase/ManagedModel (= 6.0.0)

DEPENDENCIES:
  - Fritz (= 6.0.0)

SPEC REPOS:
  trunk:
    - Fritz
    - FritzBase

SPEC CHECKSUMS:
  Fritz: e3bc09fd607d377803cbc5a9e48500f564f1b8a5
  FritzBase: 677b9359a88b3fde5589215c5bb7b8a1a8c439d7

PODFILE CHECKSUM: 638aa37f8c38717e2a134c472d08f65a24005afe

COCOAPODS: 1.9.1
