PODS:
  - ColorSlider (4.4)
  - Fritz (6.0.0):
    - Fritz/Vision (= 6.0.0)
  - Fritz/Vision (6.0.0):
    - FritzBase/Vision (= 6.0.0)
  - Fritz/VisionSegmentationModel/Hair/Fast (6.0.0):
    - FritzVisionHairSegmentationModelFast (= 6.0.0)
  - FritzBase/Core (6.0.0)
  - FritzBase/CoreMLHelpers (6.0.0)
  - FritzBase/ManagedModel (6.0.0):
    - FritzBase/Core (= 6.0.0)
  - FritzBase/Vision (6.0.0):
    - FritzBase/Core (= 6.0.0)
    - FritzBase/CoreMLHelpers (= 6.0.0)
    - FritzBase/ManagedModel (= 6.0.0)
  - FritzVisionHairSegmentationModelFast (6.0.0):
    - FritzBase/Vision (= 6.0.0)

DEPENDENCIES:
  - ColorSlider (~> 4.4)
  - Fritz (= 6.0.0)
  - Fritz/VisionSegmentationModel/Hair/Fast

SPEC REPOS:
  trunk:
    - ColorSlider
    - Fritz
    - FritzBase
    - FritzVisionHairSegmentationModelFast

SPEC CHECKSUMS:
  ColorSlider: 9a888e65b871fa1e6a26fadebf4931c949935681
  Fritz: e3bc09fd607d377803cbc5a9e48500f564f1b8a5
  FritzBase: 677b9359a88b3fde5589215c5bb7b8a1a8c439d7
  FritzVisionHairSegmentationModelFast: fd97ef368559d98ae7697b437560c5c9c179419e

PODFILE CHECKSUM: be9c30aea5286857f71646d782679b48833bfd7d

COCOAPODS: 1.9.1
