PODS:
  - Fritz (6.0.0):
    - Fritz/Vision (= 6.0.0)
  - Fritz/Vision (6.0.0):
    - FritzBase/Vision (= 6.0.0)
  - Fritz/VisionObjectModel/Fast (6.0.0):
    - FritzVisionObjectModelFast (= 6.0.0)
  - Fritz/VisionPoseModel/Human/Fast (6.0.0):
    - FritzVisionHumanPoseModelFast (= 6.0.0)
  - Fritz/VisionSegmentationModel/Hair/Fast (6.0.0):
    - FritzVisionHairSegmentationModelFast (= 6.0.0)
  - Fritz/VisionSegmentationModel/People/Fast (6.0.0):
    - FritzVisionPeopleSegmentationModelFast (= 6.0.0)
  - Fritz/VisionStyleModel/Paintings (6.0.0):
    - FritzVisionStyleModelPaintings (= 6.0.0)
  - Fritz/VisionStyleModel/Patterns (6.0.0):
    - FritzVisionStyleModelPatterns (= 6.0.0)
  - FritzBase/Core (6.0.0)
  - FritzBase/CoreMLHelpers (6.0.0)
  - FritzBase/ManagedModel (6.0.0):
    - FritzBase/Core (= 6.0.0)
  - FritzBase/Vision (6.0.0):
    - FritzBase/Core (= 6.0.0)
    - FritzBase/CoreMLHelpers (= 6.0.0)
    - FritzBase/ManagedModel (= 6.0.0)
  - FritzVisionHairSegmentationModelFast (6.0.0):
    - FritzBase/Vision (= 6.0.0)
  - FritzVisionHumanPoseModelFast (6.0.0):
    - FritzBase/Vision (= 6.0.0)
  - FritzVisionObjectModelFast (6.0.0):
    - FritzBase/Vision (= 6.0.0)
  - FritzVisionPeopleSegmentationModelFast (6.0.0):
    - FritzBase/Vision (= 6.0.0)
  - FritzVisionStyleModelPaintings (6.0.0):
    - FritzBase/Vision (= 6.0.0)
  - FritzVisionStyleModelPatterns (6.0.0):
    - FritzBase/Vision (= 6.0.0)

DEPENDENCIES:
  - Fritz (= 6.0.0)
  - Fritz/VisionObjectModel/Fast
  - Fritz/VisionPoseModel/Human/Fast
  - Fritz/VisionSegmentationModel/Hair/Fast
  - Fritz/VisionSegmentationModel/People/Fast
  - Fritz/VisionStyleModel/Paintings
  - Fritz/VisionStyleModel/Patterns

SPEC REPOS:
  trunk:
    - Fritz
    - FritzBase
    - FritzVisionHairSegmentationModelFast
    - FritzVisionHumanPoseModelFast
    - FritzVisionObjectModelFast
    - FritzVisionPeopleSegmentationModelFast
    - FritzVisionStyleModelPaintings
    - FritzVisionStyleModelPatterns

SPEC CHECKSUMS:
  Fritz: e3bc09fd607d377803cbc5a9e48500f564f1b8a5
  FritzBase: 677b9359a88b3fde5589215c5bb7b8a1a8c439d7
  FritzVisionHairSegmentationModelFast: fd97ef368559d98ae7697b437560c5c9c179419e
  FritzVisionHumanPoseModelFast: 348fed876fabc77e4b8c99b07933360cacc725b3
  FritzVisionObjectModelFast: 144c1bddb3a181de3cbf09555ab6ac5bc250fb9e
  FritzVisionPeopleSegmentationModelFast: 0adfd464b02f8fa897fd3a84753421301857ca63
  FritzVisionStyleModelPaintings: 08f0604a853f6788fbfb547624ecc2c942d80e39
  FritzVisionStyleModelPatterns: bc7f77f0d9768a04235e8304d95601e1a2ec23f1

PODFILE CHECKSUM: 01fb7d1ce0f8621c24fdc9c72e0d05b8ae31316b

COCOAPODS: 1.9.1
