PODS:
  - Fritz (6.1.1):
    - Fritz/Vision (= 6.1.1)
  - Fritz/Vision (6.1.1):
    - FritzBase/Vision (= 6.1.1)
  - Fritz/VisionObjectModel/Fast (6.1.1):
    - FritzVisionObjectModelFast (~> 6.1.1)
  - Fritz/VisionPoseModel/Human/Fast (6.1.1):
    - FritzVisionHumanPoseModelFast (~> 6.1.1)
  - Fritz/VisionSegmentationModel/Hair/Fast (6.1.1):
    - FritzVisionHairSegmentationModelFast (~> 6.1.1)
  - Fritz/VisionSegmentationModel/People/Fast (6.1.1):
    - FritzVisionPeopleSegmentationModelFast (~> 6.1.1)
  - Fritz/VisionStyleModel/Paintings (6.1.1):
    - FritzVisionStyleModelPaintings (~> 6.1.1)
  - Fritz/VisionStyleModel/Patterns (6.1.1):
    - FritzVisionStyleModelPatterns (~> 6.1.1)
  - FritzBase/Core (6.1.1)
  - FritzBase/CoreMLHelpers (6.1.1)
  - FritzBase/ManagedModel (6.1.1):
    - FritzBase/Core (= 6.1.1)
  - FritzBase/Vision (6.1.1):
    - FritzBase/Core (= 6.1.1)
    - FritzBase/CoreMLHelpers (= 6.1.1)
    - FritzBase/ManagedModel (= 6.1.1)
  - FritzVisionHairSegmentationModelFast (6.1.1):
    - FritzBase/Vision (~> 6.1.1)
  - FritzVisionHumanPoseModelFast (6.1.1):
    - FritzBase/Vision (~> 6.1.1)
  - FritzVisionObjectModelFast (6.1.1):
    - FritzBase/Vision (~> 6.1.1)
  - FritzVisionPeopleSegmentationModelFast (6.1.1):
    - FritzBase/Vision (~> 6.1.1)
  - FritzVisionStyleModelPaintings (6.1.1):
    - FritzBase/Vision (~> 6.1.1)
  - FritzVisionStyleModelPatterns (6.1.1):
    - FritzBase/Vision (~> 6.1.1)

DEPENDENCIES:
  - Fritz (= 6.1.1)
  - Fritz/VisionObjectModel/Fast
  - Fritz/VisionPoseModel/Human/Fast
  - Fritz/VisionSegmentationModel/Hair/Fast
  - Fritz/VisionSegmentationModel/People/Fast
  - Fritz/VisionStyleModel/Paintings
  - Fritz/VisionStyleModel/Patterns

SPEC REPOS:
  trunk:
    - Fritz
    - FritzBase
    - FritzVisionHairSegmentationModelFast
    - FritzVisionHumanPoseModelFast
    - FritzVisionObjectModelFast
    - FritzVisionPeopleSegmentationModelFast
    - FritzVisionStyleModelPaintings
    - FritzVisionStyleModelPatterns

SPEC CHECKSUMS:
  Fritz: 87867346c5a4a94c63d1b45bd0c5f8911f609f66
  FritzBase: 1bc60871c49effc8f836816702894423bf61be08
  FritzVisionHairSegmentationModelFast: 5ff8237db632d3617b03aa85eb84a587354ad371
  FritzVisionHumanPoseModelFast: 986602cf0c61abb68f92e2d13f32c6eed37bd3af
  FritzVisionObjectModelFast: 16fa639ee64f1374d598949b9a8f2fe644f778db
  FritzVisionPeopleSegmentationModelFast: 70b8718bd7e018130ca6a6e5a8aad26f9fdf8809
  FritzVisionStyleModelPaintings: f1964a61ff18401e2140729ef9b5e2c0a743a0f7
  FritzVisionStyleModelPatterns: bbe14d8c6cc2667ae2ff944e26bb6f0b4d223827

PODFILE CHECKSUM: c47817d2721d5d210bbaa71a5080808248410bb4

COCOAPODS: 1.9.1
