PODS:
  - Fritz (6.0.0):
    - Fritz/Vision (= 6.0.0)
  - Fritz/Vision (6.0.0):
    - FritzBase/Vision (= 6.0.0)
  - Fritz/VisionSegmentationModel/Pet/Accurate (6.0.0):
    - FritzVisionPetSegmentationModelAccurate (= 6.0.0)
  - FritzBase/Core (6.0.0)
  - FritzBase/CoreMLHelpers (6.0.0)
  - FritzBase/ManagedModel (6.0.0):
    - FritzBase/Core (= 6.0.0)
  - FritzBase/Vision (6.0.0):
    - FritzBase/Core (= 6.0.0)
    - FritzBase/CoreMLHelpers (= 6.0.0)
    - FritzBase/ManagedModel (= 6.0.0)
  - FritzVisionPetSegmentationModelAccurate (6.0.0):
    - FritzBase/Vision (= 6.0.0)

DEPENDENCIES:
  - Fritz (= 6.0.0)
  - Fritz/VisionSegmentationModel/Pet/Accurate

SPEC REPOS:
  trunk:
    - Fritz
    - FritzBase
    - FritzVisionPetSegmentationModelAccurate

SPEC CHECKSUMS:
  Fritz: e3bc09fd607d377803cbc5a9e48500f564f1b8a5
  FritzBase: 677b9359a88b3fde5589215c5bb7b8a1a8c439d7
  FritzVisionPetSegmentationModelAccurate: bbc52f70e8dd91ad54c5a55b0acebffd5bf131f8

PODFILE CHECKSUM: 10b7411ee1402940798621fdf0ba8e33083bada5

COCOAPODS: 1.9.1
