PODS:
  - Fritz (6.0.0):
    - Fritz/Vision (= 6.0.0)
  - Fritz/Vision (6.0.0):
    - FritzBase/Vision (= 6.0.0)
  - Fritz/VisionPoseModel/Human/Fast (6.0.0):
    - FritzVisionHumanPoseModelFast (= 6.0.0)
  - FritzBase/Core (6.0.0)
  - FritzBase/CoreMLHelpers (6.0.0)
  - FritzBase/ManagedModel (6.0.0):
    - FritzBase/Core (= 6.0.0)
  - FritzBase/Vision (6.0.0):
    - FritzBase/Core (= 6.0.0)
    - FritzBase/CoreMLHelpers (= 6.0.0)
    - FritzBase/ManagedModel (= 6.0.0)
  - FritzVisionHumanPoseModelFast (6.0.0):
    - FritzBase/Vision (= 6.0.0)

DEPENDENCIES:
  - Fritz (= 6.0.0)
  - Fritz/VisionPoseModel/Human/Fast

SPEC REPOS:
  trunk:
    - Fritz
    - FritzBase
    - FritzVisionHumanPoseModelFast

SPEC CHECKSUMS:
  Fritz: e3bc09fd607d377803cbc5a9e48500f564f1b8a5
  FritzBase: 677b9359a88b3fde5589215c5bb7b8a1a8c439d7
  FritzVisionHumanPoseModelFast: 348fed876fabc77e4b8c99b07933360cacc725b3

PODFILE CHECKSUM: 57b74d21fd98fd31977b794451612d8d78885d23

COCOAPODS: 1.9.1
