PODS:
  - Fritz (6.1.1):
    - Fritz/Vision (= 6.1.1)
  - Fritz/Vision (6.1.1):
    - FritzBase/Vision (= 6.1.1)
  - Fritz/VisionSegmentationModel/People/Fast (6.1.1):
    - FritzVisionPeopleSegmentationModelFast (~> 6.1.1)
  - FritzBase/Core (6.1.1)
  - FritzBase/CoreMLHelpers (6.1.1)
  - FritzBase/ManagedModel (6.1.1):
    - FritzBase/Core (= 6.1.1)
  - FritzBase/Vision (6.1.1):
    - FritzBase/Core (= 6.1.1)
    - FritzBase/CoreMLHelpers (= 6.1.1)
    - FritzBase/ManagedModel (= 6.1.1)
  - FritzVisionPeopleSegmentationModelFast (6.1.1):
    - FritzBase/Vision (~> 6.1.1)

DEPENDENCIES:
  - Fritz (= 6.1.1)
  - Fritz/VisionSegmentationModel/People/Fast

SPEC REPOS:
  trunk:
    - Fritz
    - FritzBase
    - FritzVisionPeopleSegmentationModelFast

SPEC CHECKSUMS:
  Fritz: 87867346c5a4a94c63d1b45bd0c5f8911f609f66
  FritzBase: 1bc60871c49effc8f836816702894423bf61be08
  FritzVisionPeopleSegmentationModelFast: 70b8718bd7e018130ca6a6e5a8aad26f9fdf8809

PODFILE CHECKSUM: 640747958adf071d20d6dd0be1439d4a44042899

COCOAPODS: 1.9.1
