PODS:
  - Fritz (6.0.0):
    - Fritz/Vision (= 6.0.0)
  - Fritz/Vision (6.0.0):
    - FritzBase/Vision (= 6.0.0)
  - Fritz/VisionStyleModel/Paintings (6.0.0):
    - FritzVisionStyleModelPaintings (= 6.0.0)
  - FritzBase/Core (6.0.0)
  - FritzBase/CoreMLHelpers (6.0.0)
  - FritzBase/ManagedModel (6.0.0):
    - FritzBase/Core (= 6.0.0)
  - FritzBase/Vision (6.0.0):
    - FritzBase/Core (= 6.0.0)
    - FritzBase/CoreMLHelpers (= 6.0.0)
    - FritzBase/ManagedModel (= 6.0.0)
  - FritzVisionStyleModelPaintings (6.0.0):
    - FritzBase/Vision (= 6.0.0)

DEPENDENCIES:
  - Fritz (= 6.0.0)
  - Fritz/VisionStyleModel/Paintings

SPEC REPOS:
  trunk:
    - Fritz
    - FritzBase
    - FritzVisionStyleModelPaintings

SPEC CHECKSUMS:
  Fritz: e3bc09fd607d377803cbc5a9e48500f564f1b8a5
  FritzBase: 677b9359a88b3fde5589215c5bb7b8a1a8c439d7
  FritzVisionStyleModelPaintings: 08f0604a853f6788fbfb547624ecc2c942d80e39

PODFILE CHECKSUM: feb6019ed50de627dd2d125727a3a3af12234ee3

COCOAPODS: 1.9.1
