PODS:
  - ColorSlider (4.4)
  - Crashlytics (3.14.0):
    - Fabric (~> 1.10.2)
  - Fabric (1.10.2)
  - Fritz (5.1.0):
    - Fritz/Vision (= 5.1.0)
  - Fritz/Vision (5.1.0):
    - FritzBase/Vision (= 5.1.0)
  - Fritz/VisionLabelModel/Fast (5.1.0):
    - FritzVisionLabelModelFast (~> 5.1.0)
  - Fritz/VisionObjectModel/Fast (5.1.0):
    - FritzVisionObjectModelFast (~> 5.1.0)
  - Fritz/VisionPoseModel/Human/Fast (5.1.0):
    - FritzVisionHumanPoseModelFast (~> 5.1.0)
  - Fritz/VisionSegmentationModel/Hair/Fast (5.1.0):
    - FritzVisionHairSegmentationModelFast (~> 5.1.0)
  - Fritz/VisionSegmentationModel/People/Fast (5.1.0):
    - FritzVisionPeopleSegmentationModelFast (~> 5.1.0)
  - Fritz/VisionStyleModel/Paintings (5.1.0):
    - FritzVisionStyleModelPaintings (~> 5.1.0)
  - Fritz/VisionStyleModel/Patterns (5.1.0):
    - FritzVisionStyleModelPatterns (~> 5.1.0)
  - FritzBase/Core (5.1.0)
  - FritzBase/CoreMLHelpers (5.1.0)
  - FritzBase/ManagedModel (5.1.0):
    - FritzBase/Core (= 5.1.0)
  - FritzBase/Vision (5.1.0):
    - FritzBase/Core (= 5.1.0)
    - FritzBase/CoreMLHelpers (= 5.1.0)
    - FritzBase/ManagedModel (= 5.1.0)
  - FritzVisionHairSegmentationModelFast (5.1.0):
    - FritzBase/Vision (~> 5.1.0)
  - FritzVisionHumanPoseModelFast (5.1.0):
    - FritzBase/Vision (~> 5.1.0)
  - FritzVisionLabelModelFast (5.1.0):
    - FritzBase/Vision (~> 5.1.0)
  - FritzVisionObjectModelFast (5.1.0):
    - FritzBase/Vision (~> 5.1.0)
  - FritzVisionPeopleSegmentationModelFast (5.1.0):
    - FritzBase/Vision (~> 5.1.0)
  - FritzVisionStyleModelPaintings (5.1.0):
    - FritzBase/Vision (~> 5.1.0)
  - FritzVisionStyleModelPatterns (5.1.0):
    - FritzBase/Vision (~> 5.1.0)
  - R.swift (5.0.0.alpha.2):
    - R.swift.Library (~> 5.0.0.alpha.2)
  - R.swift.Library (5.0.1)

DEPENDENCIES:
  - ColorSlider (~> 4.4)
  - Crashlytics (~> 3.9)
  - Fabric (~> 1.7)
  - Fritz (~> 5.1.0)
  - Fritz/VisionLabelModel/Fast
  - Fritz/VisionObjectModel/Fast
  - Fritz/VisionPoseModel/Human/Fast
  - Fritz/VisionSegmentationModel/Hair/Fast
  - Fritz/VisionSegmentationModel/People/Fast
  - Fritz/VisionStyleModel/Paintings
  - Fritz/VisionStyleModel/Patterns
  - R.swift (~> 5.0.0.alpha.2)

SPEC REPOS:
  trunk:
    - ColorSlider
    - Crashlytics
    - Fabric
    - Fritz
    - FritzBase
    - FritzVisionHairSegmentationModelFast
    - FritzVisionHumanPoseModelFast
    - FritzVisionLabelModelFast
    - FritzVisionObjectModelFast
    - FritzVisionPeopleSegmentationModelFast
    - FritzVisionStyleModelPaintings
    - FritzVisionStyleModelPatterns
    - R.swift
    - R.swift.Library

SPEC CHECKSUMS:
  ColorSlider: 9a888e65b871fa1e6a26fadebf4931c949935681
  Crashlytics: 540b7e5f5da5a042647227a5e3ac51d85eed06df
  Fabric: 706c8b8098fff96c33c0db69cbf81f9c551d0d74
  Fritz: 9d0906f2a5cc3b67a4d68db0b25f5796980e8c39
  FritzBase: 9284a1c336719d54793523d5734c9c8ec784c4d0
  FritzVisionHairSegmentationModelFast: 2aebce9db085f46dee24a46313dae25f38f9b657
  FritzVisionHumanPoseModelFast: b583f3dcd0b983a7495396789e6ed57f475b511b
  FritzVisionLabelModelFast: 06869e65dc5e3adb29f5829880f326fae828aa0b
  FritzVisionObjectModelFast: 6aab82b0a8fce386ad334f0088b85b939702f60d
  FritzVisionPeopleSegmentationModelFast: 71d1850c93ab800c9dd5270b399bc7e365e1d627
  FritzVisionStyleModelPaintings: 6e3e49b2bed86a348a6c5dbdec51014a39e83008
  FritzVisionStyleModelPatterns: 3a94b93e36cc0eefbf4a3c549aaca58d19a56445
  R.swift: 31fa1bd537fa81307815cc622122f33331f32174
  R.swift.Library: cfe85d569d9bae6cb262922db130e7c3a7a5fad1

PODFILE CHECKSUM: e7373535da75e9ea935690e7763cf6de7439087d

COCOAPODS: 1.8.4
