PODS:
  - ColorSlider (4.4)
  - Crashlytics (3.14.0):
    - Fabric (~> 1.10.2)
  - Fabric (1.10.2)
  - Fritz (6.0.0):
    - Fritz/Vision (= 6.0.0)
  - Fritz/Vision (6.0.0):
    - FritzBase/Vision (= 6.0.0)
  - Fritz/VisionLabelModel/Fast (6.0.0):
    - FritzVisionLabelModelFast (= 6.0.0)
  - Fritz/VisionObjectModel/Fast (6.0.0):
    - FritzVisionObjectModelFast (= 6.0.0)
  - Fritz/VisionPoseModel/Human/Fast (6.0.0):
    - FritzVisionHumanPoseModelFast (= 6.0.0)
  - Fritz/VisionSegmentationModel/Hair/Fast (6.0.0):
    - FritzVisionHairSegmentationModelFast (= 6.0.0)
  - Fritz/VisionSegmentationModel/People/Fast (6.0.0):
    - FritzVisionPeopleSegmentationModelFast (= 6.0.0)
  - Fritz/VisionStyleModel/Paintings (6.0.0):
    - FritzVisionStyleModelPaintings (= 6.0.0)
  - Fritz/VisionStyleModel/Patterns (6.0.0):
    - FritzVisionStyleModelPatterns (= 6.0.0)
  - FritzBase/Core (6.0.0)
  - FritzBase/CoreMLHelpers (6.0.0)
  - FritzBase/ManagedModel (6.0.0):
    - FritzBase/Core (= 6.0.0)
  - FritzBase/Vision (6.0.0):
    - FritzBase/Core (= 6.0.0)
    - FritzBase/CoreMLHelpers (= 6.0.0)
    - FritzBase/ManagedModel (= 6.0.0)
  - FritzVisionHairSegmentationModelFast (6.0.0):
    - FritzBase/Vision (= 6.0.0)
  - FritzVisionHumanPoseModelFast (6.0.0):
    - FritzBase/Vision (= 6.0.0)
  - FritzVisionLabelModelFast (6.0.0):
    - FritzBase/Vision (= 6.0.0)
  - FritzVisionObjectModelFast (6.0.0):
    - FritzBase/Vision (= 6.0.0)
  - FritzVisionPeopleSegmentationModelFast (6.0.0):
    - FritzBase/Vision (= 6.0.0)
  - FritzVisionStyleModelPaintings (6.0.0):
    - FritzBase/Vision (= 6.0.0)
  - FritzVisionStyleModelPatterns (6.0.0):
    - FritzBase/Vision (= 6.0.0)
  - R.swift (5.0.0.alpha.2):
    - R.swift.Library (~> 5.0.0.alpha.2)
  - R.swift.Library (5.0.1)

DEPENDENCIES:
  - ColorSlider (~> 4.4)
  - Crashlytics (~> 3.9)
  - Fabric (~> 1.7)
  - Fritz (= 6.0.0)
  - Fritz/VisionLabelModel/Fast
  - Fritz/VisionObjectModel/Fast
  - Fritz/VisionPoseModel/Human/Fast
  - Fritz/VisionSegmentationModel/Hair/Fast
  - Fritz/VisionSegmentationModel/People/Fast
  - Fritz/VisionStyleModel/Paintings
  - Fritz/VisionStyleModel/Patterns
  - R.swift (= 5.0.0.alpha.2)

SPEC REPOS:
  trunk:
    - ColorSlider
    - Crashlytics
    - Fabric
    - Fritz
    - FritzBase
    - FritzVisionHairSegmentationModelFast
    - FritzVisionHumanPoseModelFast
    - FritzVisionLabelModelFast
    - FritzVisionObjectModelFast
    - FritzVisionPeopleSegmentationModelFast
    - FritzVisionStyleModelPaintings
    - FritzVisionStyleModelPatterns
    - R.swift
    - R.swift.Library

SPEC CHECKSUMS:
  ColorSlider: 9a888e65b871fa1e6a26fadebf4931c949935681
  Crashlytics: 9220f5bc89e7a618df411b4f639389dbfb0e03d2
  Fabric: ea977e3cd9c20425516d3dafd3bf8c941c51223f
  Fritz: e3bc09fd607d377803cbc5a9e48500f564f1b8a5
  FritzBase: 677b9359a88b3fde5589215c5bb7b8a1a8c439d7
  FritzVisionHairSegmentationModelFast: fd97ef368559d98ae7697b437560c5c9c179419e
  FritzVisionHumanPoseModelFast: 348fed876fabc77e4b8c99b07933360cacc725b3
  FritzVisionLabelModelFast: fecb2f9f8dc3464f0e227fc6ea6de37df88377d9
  FritzVisionObjectModelFast: 144c1bddb3a181de3cbf09555ab6ac5bc250fb9e
  FritzVisionPeopleSegmentationModelFast: 0adfd464b02f8fa897fd3a84753421301857ca63
  FritzVisionStyleModelPaintings: 08f0604a853f6788fbfb547624ecc2c942d80e39
  FritzVisionStyleModelPatterns: bc7f77f0d9768a04235e8304d95601e1a2ec23f1
  R.swift: 31fa1bd537fa81307815cc622122f33331f32174
  R.swift.Library: cfe85d569d9bae6cb262922db130e7c3a7a5fad1

PODFILE CHECKSUM: 6bf5b6670f3f017c1844280ffd4d3d52c9887d74

COCOAPODS: 1.9.1
