PODS:
  - ColorSlider (4.4)
  - Crashlytics (3.14.0):
    - Fabric (~> 1.10.2)
  - Fabric (1.10.2)
  - Fritz (6.1.2):
    - Fritz/Vision (= 6.1.2)
  - Fritz/Vision (6.1.2):
    - FritzBase/Vision (= 6.1.2)
  - Fritz/VisionLabelModel/Fast (6.1.2):
    - FritzVisionLabelModelFast (~> 6.1.2)
  - Fritz/VisionObjectModel/Fast (6.1.2):
    - FritzVisionObjectModelFast (~> 6.1.2)
  - Fritz/VisionPoseModel/Human/Fast (6.1.2):
    - FritzVisionHumanPoseModelFast (~> 6.1.2)
  - Fritz/VisionSegmentationModel/Hair/Fast (6.1.2):
    - FritzVisionHairSegmentationModelFast (~> 6.1.2)
  - Fritz/VisionSegmentationModel/People/Fast (6.1.2):
    - FritzVisionPeopleSegmentationModelFast (~> 6.1.2)
  - Fritz/VisionStyleModel/Paintings (6.1.2):
    - FritzVisionStyleModelPaintings (~> 6.1.2)
  - Fritz/VisionStyleModel/Patterns (6.1.2):
    - FritzVisionStyleModelPatterns (~> 6.1.2)
  - FritzBase/Core (6.1.2)
  - FritzBase/CoreMLHelpers (6.1.2)
  - FritzBase/ManagedModel (6.1.2):
    - FritzBase/Core (= 6.1.2)
  - FritzBase/Vision (6.1.2):
    - FritzBase/Core (= 6.1.2)
    - FritzBase/CoreMLHelpers (= 6.1.2)
    - FritzBase/ManagedModel (= 6.1.2)
  - FritzVisionHairSegmentationModelFast (6.1.2):
    - FritzBase/Vision (~> 6.1.2)
  - FritzVisionHumanPoseModelFast (6.1.2):
    - FritzBase/Vision (~> 6.1.2)
  - FritzVisionLabelModelFast (6.1.2):
    - FritzBase/Vision (~> 6.1.2)
  - FritzVisionObjectModelFast (6.1.2):
    - FritzBase/Vision (~> 6.1.2)
  - FritzVisionPeopleSegmentationModelFast (6.1.2):
    - FritzBase/Vision (~> 6.1.2)
  - FritzVisionStyleModelPaintings (6.1.2):
    - FritzBase/Vision (~> 6.1.2)
  - FritzVisionStyleModelPatterns (6.1.2):
    - FritzBase/Vision (~> 6.1.2)
  - R.swift (5.0.0.alpha.2):
    - R.swift.Library (~> 5.0.0.alpha.2)
  - R.swift.Library (5.0.1)

DEPENDENCIES:
  - ColorSlider (~> 4.4)
  - Crashlytics (~> 3.9)
  - Fabric (~> 1.7)
  - Fritz (= 6.1.2)
  - Fritz/VisionLabelModel/Fast
  - Fritz/VisionObjectModel/Fast
  - Fritz/VisionPoseModel/Human/Fast
  - Fritz/VisionSegmentationModel/Hair/Fast
  - Fritz/VisionSegmentationModel/People/Fast
  - Fritz/VisionStyleModel/Paintings
  - Fritz/VisionStyleModel/Patterns
  - R.swift (= 5.0.0.alpha.2)

SPEC REPOS:
  trunk:
    - ColorSlider
    - Crashlytics
    - Fabric
    - Fritz
    - FritzBase
    - FritzVisionHairSegmentationModelFast
    - FritzVisionHumanPoseModelFast
    - FritzVisionLabelModelFast
    - FritzVisionObjectModelFast
    - FritzVisionPeopleSegmentationModelFast
    - FritzVisionStyleModelPaintings
    - FritzVisionStyleModelPatterns
    - R.swift
    - R.swift.Library

SPEC CHECKSUMS:
  ColorSlider: 9a888e65b871fa1e6a26fadebf4931c949935681
  Crashlytics: 9220f5bc89e7a618df411b4f639389dbfb0e03d2
  Fabric: ea977e3cd9c20425516d3dafd3bf8c941c51223f
  Fritz: 23ebff76f756eb7f1035d1d8dee2c6a2f6b817b4
  FritzBase: 3ec507ac021946675ca64d7f5a5b5748d19178ca
  FritzVisionHairSegmentationModelFast: 3ac49bdeb2026571e0de8b8c345e564301a7ae7e
  FritzVisionHumanPoseModelFast: 24742294f653fea68439cb2f5890ecc560e36723
  FritzVisionLabelModelFast: a5f27ebd82134db2975d38c28fa8a64b4ad31f92
  FritzVisionObjectModelFast: 984ce9f5755906bd8463b47551e1a44d7e8dcc25
  FritzVisionPeopleSegmentationModelFast: 9740a4126e15da0c4b058f0ecbaa45f444934092
  FritzVisionStyleModelPaintings: 4fdcabc9d728df038271d40be80d400973b331f9
  FritzVisionStyleModelPatterns: 05d49faea973bdc696a93cbab71e2c7c8114bed5
  R.swift: 31fa1bd537fa81307815cc622122f33331f32174
  R.swift.Library: cfe85d569d9bae6cb262922db130e7c3a7a5fad1

PODFILE CHECKSUM: 822b3131abb2d7b45a4fab65ac3493c584915e7d

COCOAPODS: 1.10.0
