PODS:
  - Fritz (6.1.1):
    - Fritz/Vision (= 6.1.1)
  - Fritz/Vision (6.1.1):
    - FritzBase/Vision (= 6.1.1)
  - Fritz/VisionObjectModel/Fast (6.1.1):
    - FritzVisionObjectModelFast (~> 6.1.1)
  - FritzBase/Core (6.1.1)
  - FritzBase/CoreMLHelpers (6.1.1)
  - FritzBase/ManagedModel (6.1.1):
    - FritzBase/Core (= 6.1.1)
  - FritzBase/Vision (6.1.1):
    - FritzBase/Core (= 6.1.1)
    - FritzBase/CoreMLHelpers (= 6.1.1)
    - FritzBase/ManagedModel (= 6.1.1)
  - FritzVisionObjectModelFast (6.1.1):
    - FritzBase/Vision (~> 6.1.1)

DEPENDENCIES:
  - Fritz (= 6.1.1)
  - Fritz/VisionObjectModel/Fast

SPEC REPOS:
  trunk:
    - Fritz
    - FritzBase
    - FritzVisionObjectModelFast

SPEC CHECKSUMS:
  Fritz: 87867346c5a4a94c63d1b45bd0c5f8911f609f66
  FritzBase: 1bc60871c49effc8f836816702894423bf61be08
  FritzVisionObjectModelFast: 16fa639ee64f1374d598949b9a8f2fe644f778db

PODFILE CHECKSUM: a88a53e6d147948024c3da15575a0c51d4b3749d

COCOAPODS: 1.9.1
