PODS:
  - Fritz (5.1.0):
    - Fritz/Vision (= 5.1.0)
  - Fritz/Vision (5.1.0):
    - FritzBase/Vision (= 5.1.0)
  - Fritz/VisionObjectModel/Fast (5.1.0):
    - FritzVisionObjectModelFast (~> 5.1.0)
  - FritzBase/Core (5.1.0)
  - FritzBase/CoreMLHelpers (5.1.0)
  - FritzBase/ManagedModel (5.1.0):
    - FritzBase/Core (= 5.1.0)
  - FritzBase/Vision (5.1.0):
    - FritzBase/Core (= 5.1.0)
    - FritzBase/CoreMLHelpers (= 5.1.0)
    - FritzBase/ManagedModel (= 5.1.0)
  - FritzVisionObjectModelFast (5.1.0):
    - FritzBase/Vision (~> 5.1.0)

DEPENDENCIES:
  - Fritz (~> 5.1.0)
  - Fritz/VisionObjectModel/Fast

SPEC REPOS:
  trunk:
    - Fritz
    - FritzBase
    - FritzVisionObjectModelFast

SPEC CHECKSUMS:
  Fritz: 9d0906f2a5cc3b67a4d68db0b25f5796980e8c39
  FritzBase: 9284a1c336719d54793523d5734c9c8ec784c4d0
  FritzVisionObjectModelFast: 6aab82b0a8fce386ad334f0088b85b939702f60d

PODFILE CHECKSUM: 9baf439915a1f755fe95b030e80060224c247a49

COCOAPODS: 1.8.4
