PODS:
  - Fritz (6.0.0):
    - Fritz/Vision (= 6.0.0)
  - Fritz/Vision (6.0.0):
    - FritzBase/Vision (= 6.0.0)
  - Fritz/VisionObjectModel/Fast (6.0.0):
    - FritzVisionObjectModelFast (= 6.0.0)
  - FritzBase/Core (6.0.0)
  - FritzBase/CoreMLHelpers (6.0.0)
  - FritzBase/ManagedModel (6.0.0):
    - FritzBase/Core (= 6.0.0)
  - FritzBase/Vision (6.0.0):
    - FritzBase/Core (= 6.0.0)
    - FritzBase/CoreMLHelpers (= 6.0.0)
    - FritzBase/ManagedModel (= 6.0.0)
  - FritzVisionObjectModelFast (6.0.0):
    - FritzBase/Vision (= 6.0.0)

DEPENDENCIES:
  - Fritz (= 6.0.0)
  - Fritz/VisionObjectModel/Fast

SPEC REPOS:
  trunk:
    - Fritz
    - FritzBase
    - FritzVisionObjectModelFast

SPEC CHECKSUMS:
  Fritz: e3bc09fd607d377803cbc5a9e48500f564f1b8a5
  FritzBase: 677b9359a88b3fde5589215c5bb7b8a1a8c439d7
  FritzVisionObjectModelFast: 144c1bddb3a181de3cbf09555ab6ac5bc250fb9e

PODFILE CHECKSUM: 661b56c9be61f92255e974e3511692b5ae719041

COCOAPODS: 1.9.1
